// !$*UTF8*$!
{
	archiveVersion = 1;
	classes = {
	};
	objectVersion = 48;
	objects = {

/* Begin PBXBuildFile section */
		462BCF891FEBEFB100789A01 /* AppDelegate.swift in Sources */ = {isa = PBXBuildFile; fileRef = 462BCF881FEBEFB100789A01 /* AppDelegate.swift */; };
		462BCF8B1FEBEFB100789A01 /* ViewController.swift in Sources */ = {isa = PBXBuildFile; fileRef = 462BCF8A1FEBEFB100789A01 /* ViewController.swift */; };
		462BCF8E1FEBEFB100789A01 /* Main.storyboard in Resources */ = {isa = PBXBuildFile; fileRef = 462BCF8C1FEBEFB100789A01 /* Main.storyboard */; };
		462BCF911FEBEFB100789A01 /* ToDoList.xcdatamodeld in Sources */ = {isa = PBXBuildFile; fileRef = 462BCF8F1FEBEFB100789A01 /* ToDoList.xcdatamodeld */; };
		462BCF931FEBEFB100789A01 /* Assets.xcassets in Resources */ = {isa = PBXBuildFile; fileRef = 462BCF921FEBEFB100789A01 /* Assets.xcassets */; };
		462BCF961FEBEFB100789A01 /* LaunchScreen.storyboard in Resources */ = {isa = PBXBuildFile; fileRef = 462BCF941FEBEFB100789A01 /* LaunchScreen.storyboard */; };
		462BCFA11FEBEFB200789A01 /* ToDoListTests.swift in Sources */ = {isa = PBXBuildFile; fileRef = 462BCFA01FEBEFB200789A01 /* ToDoListTests.swift */; };
		462BCFBB1FEBF09100789A01 /* Constants.swift in Sources */ = {isa = PBXBuildFile; fileRef = 462BCFB91FEBF09100789A01 /* Constants.swift */; };
		462BCFBC1FEBF09100789A01 /* ToDoListExtension.swift in Sources */ = {isa = PBXBuildFile; fileRef = 462BCFBA1FEBF09100789A01 /* ToDoListExtension.swift */; };
		462BCFD01FEBF10000789A01 /* ToDoViewModel.swift in Sources */ = {isa = PBXBuildFile; fileRef = 462BCFCF1FEBF10000789A01 /* ToDoViewModel.swift */; };
		462BCFD71FEBF11000789A01 /* ToDoListViewController.xib in Resources */ = {isa = PBXBuildFile; fileRef = 462BCFD11FEBF11000789A01 /* ToDoListViewController.xib */; };
		462BCFD81FEBF11000789A01 /* AddNewTaskViewController.swift in Sources */ = {isa = PBXBuildFile; fileRef = 462BCFD21FEBF11000789A01 /* AddNewTaskViewController.swift */; };
		462BCFD91FEBF11000789A01 /* AddNewTaskViewController.xib in Resources */ = {isa = PBXBuildFile; fileRef = 462BCFD31FEBF11000789A01 /* AddNewTaskViewController.xib */; };
		462BCFDA1FEBF11000789A01 /* TimePickerViewController.swift in Sources */ = {isa = PBXBuildFile; fileRef = 462BCFD41FEBF11000789A01 /* TimePickerViewController.swift */; };
		462BCFDB1FEBF11000789A01 /* TimePickerViewController.xib in Resources */ = {isa = PBXBuildFile; fileRef = 462BCFD51FEBF11000789A01 /* TimePickerViewController.xib */; };
		462BCFDC1FEBF11000789A01 /* ToDoListViewController.swift in Sources */ = {isa = PBXBuildFile; fileRef = 462BCFD61FEBF11000789A01 /* ToDoListViewController.swift */; };
		462BCFDF1FEBF11E00789A01 /* DateCollectionViewDataSource.swift in Sources */ = {isa = PBXBuildFile; fileRef = 462BCFDD1FEBF11E00789A01 /* DateCollectionViewDataSource.swift */; };
		462BCFE01FEBF11E00789A01 /* TaskListViewDataSource.swift in Sources */ = {isa = PBXBuildFile; fileRef = 462BCFDE1FEBF11E00789A01 /* TaskListViewDataSource.swift */; };
		462BCFE31FEBF12900789A01 /* DateColleCollectionViewCell.swift in Sources */ = {isa = PBXBuildFile; fileRef = 462BCFE11FEBF12900789A01 /* DateColleCollectionViewCell.swift */; };
		462BCFE41FEBF12900789A01 /* DateColleCollectionViewCell.xib in Resources */ = {isa = PBXBuildFile; fileRef = 462BCFE21FEBF12900789A01 /* DateColleCollectionViewCell.xib */; };
		462BCFE61FEBF13200789A01 /* Date+Extensions.swift in Sources */ = {isa = PBXBuildFile; fileRef = 462BCFE51FEBF13200789A01 /* Date+Extensions.swift */; };
		462BCFE71FEC02EA00789A01 /* Roboto-Black.ttf in Resources */ = {isa = PBXBuildFile; fileRef = 462BCFC51FEBF0F600789A01 /* Roboto-Black.ttf */; };
		462BCFE81FEC02EA00789A01 /* Roboto-BlackItalic.ttf in Resources */ = {isa = PBXBuildFile; fileRef = 462BCFCE1FEBF0F600789A01 /* Roboto-BlackItalic.ttf */; };
		462BCFE91FEC02EA00789A01 /* Roboto-Bold.ttf in Resources */ = {isa = PBXBuildFile; fileRef = 462BCFC81FEBF0F600789A01 /* Roboto-Bold.ttf */; };
		462BCFEA1FEC02EA00789A01 /* Roboto-BoldItalic.ttf in Resources */ = {isa = PBXBuildFile; fileRef = 462BCFCB1FEBF0F600789A01 /* Roboto-BoldItalic.ttf */; };
		462BCFEB1FEC02EA00789A01 /* Roboto-Italic.ttf in Resources */ = {isa = PBXBuildFile; fileRef = 462BCFC31FEBF0F500789A01 /* Roboto-Italic.ttf */; };
		462BCFEC1FEC02EA00789A01 /* Roboto-Light.ttf in Resources */ = {isa = PBXBuildFile; fileRef = 462BCFC91FEBF0F600789A01 /* Roboto-Light.ttf */; };
		462BCFED1FEC02EA00789A01 /* Roboto-LightItalic.ttf in Resources */ = {isa = PBXBuildFile; fileRef = 462BCFCC1FEBF0F600789A01 /* Roboto-LightItalic.ttf */; };
		462BCFEE1FEC02EA00789A01 /* Roboto-Medium.ttf in Resources */ = {isa = PBXBuildFile; fileRef = 462BCFC71FEBF0F600789A01 /* Roboto-Medium.ttf */; };
		462BCFEF1FEC02EA00789A01 /* Roboto-MediumItalic.ttf in Resources */ = {isa = PBXBuildFile; fileRef = 462BCFC61FEBF0F600789A01 /* Roboto-MediumItalic.ttf */; };
		462BCFF01FEC02EA00789A01 /* Roboto-Regular.ttf in Resources */ = {isa = PBXBuildFile; fileRef = 462BCFCA1FEBF0F600789A01 /* Roboto-Regular.ttf */; };
		462BCFF11FEC02EA00789A01 /* Roboto-Thin.ttf in Resources */ = {isa = PBXBuildFile; fileRef = 462BCFCD1FEBF0F600789A01 /* Roboto-Thin.ttf */; };
		462BCFF21FEC02EA00789A01 /* Roboto-ThinItalic.ttf in Resources */ = {isa = PBXBuildFile; fileRef = 462BCFC41FEBF0F500789A01 /* Roboto-ThinItalic.ttf */; };
/* End PBXBuildFile section */

/* Begin PBXContainerItemProxy section */
		462BCF9D1FEBEFB200789A01 /* PBXContainerItemProxy */ = {
			isa = PBXContainerItemProxy;
			containerPortal = 462BCF7D1FEBEFB100789A01 /* Project object */;
			proxyType = 1;
			remoteGlobalIDString = 462BCF841FEBEFB100789A01;
			remoteInfo = ToDoList;
		};
/* End PBXContainerItemProxy section */

/* Begin PBXFileReference section */
		462BCF851FEBEFB100789A01 /* ToDoList.app */ = {isa = PBXFileReference; explicitFileType = wrapper.application; includeInIndex = 0; path = ToDoList.app; sourceTree = BUILT_PRODUCTS_DIR; };
		462BCF881FEBEFB100789A01 /* AppDelegate.swift */ = {isa = PBXFileReference; lastKnownFileType = sourcecode.swift; path = AppDelegate.swift; sourceTree = "<group>"; };
		462BCF8A1FEBEFB100789A01 /* ViewController.swift */ = {isa = PBXFileReference; lastKnownFileType = sourcecode.swift; path = ViewController.swift; sourceTree = "<group>"; };
		462BCF8D1FEBEFB100789A01 /* Base */ = {isa = PBXFileReference; lastKnownFileType = file.storyboard; name = Base; path = Base.lproj/Main.storyboard; sourceTree = "<group>"; };
		462BCF901FEBEFB100789A01 /* ToDoList.xcdatamodel */ = {isa = PBXFileReference; lastKnownFileType = wrapper.xcdatamodel; path = ToDoList.xcdatamodel; sourceTree = "<group>"; };
		462BCF921FEBEFB100789A01 /* Assets.xcassets */ = {isa = PBXFileReference; lastKnownFileType = folder.assetcatalog; path = Assets.xcassets; sourceTree = "<group>"; };
		462BCF951FEBEFB100789A01 /* Base */ = {isa = PBXFileReference; lastKnownFileType = file.storyboard; name = Base; path = Base.lproj/LaunchScreen.storyboard; sourceTree = "<group>"; };
		462BCF971FEBEFB100789A01 /* Info.plist */ = {isa = PBXFileReference; lastKnownFileType = text.plist.xml; path = Info.plist; sourceTree = "<group>"; };
		462BCF9C1FEBEFB200789A01 /* ToDoListTests.xctest */ = {isa = PBXFileReference; explicitFileType = wrapper.cfbundle; includeInIndex = 0; path = ToDoListTests.xctest; sourceTree = BUILT_PRODUCTS_DIR; };
		462BCFA01FEBEFB200789A01 /* ToDoListTests.swift */ = {isa = PBXFileReference; lastKnownFileType = sourcecode.swift; path = ToDoListTests.swift; sourceTree = "<group>"; };
		462BCFA21FEBEFB200789A01 /* Info.plist */ = {isa = PBXFileReference; lastKnownFileType = text.plist.xml; path = Info.plist; sourceTree = "<group>"; };
		462BCFB91FEBF09100789A01 /* Constants.swift */ = {isa = PBXFileReference; fileEncoding = 4; lastKnownFileType = sourcecode.swift; path = Constants.swift; sourceTree = "<group>"; };
		462BCFBA1FEBF09100789A01 /* ToDoListExtension.swift */ = {isa = PBXFileReference; fileEncoding = 4; lastKnownFileType = sourcecode.swift; path = ToDoListExtension.swift; sourceTree = "<group>"; };
		462BCFC31FEBF0F500789A01 /* Roboto-Italic.ttf */ = {isa = PBXFileReference; lastKnownFileType = file; path = "Roboto-Italic.ttf"; sourceTree = "<group>"; };
		462BCFC41FEBF0F500789A01 /* Roboto-ThinItalic.ttf */ = {isa = PBXFileReference; lastKnownFileType = file; path = "Roboto-ThinItalic.ttf"; sourceTree = "<group>"; };
		462BCFC51FEBF0F600789A01 /* Roboto-Black.ttf */ = {isa = PBXFileReference; lastKnownFileType = file; path = "Roboto-Black.ttf"; sourceTree = "<group>"; };
		462BCFC61FEBF0F600789A01 /* Roboto-MediumItalic.ttf */ = {isa = PBXFileReference; lastKnownFileType = file; path = "Roboto-MediumItalic.ttf"; sourceTree = "<group>"; };
		462BCFC71FEBF0F600789A01 /* Roboto-Medium.ttf */ = {isa = PBXFileReference; lastKnownFileType = file; path = "Roboto-Medium.ttf"; sourceTree = "<group>"; };
		462BCFC81FEBF0F600789A01 /* Roboto-Bold.ttf */ = {isa = PBXFileReference; lastKnownFileType = file; path = "Roboto-Bold.ttf"; sourceTree = "<group>"; };
		462BCFC91FEBF0F600789A01 /* Roboto-Light.ttf */ = {isa = PBXFileReference; lastKnownFileType = file; path = "Roboto-Light.ttf"; sourceTree = "<group>"; };
		462BCFCA1FEBF0F600789A01 /* Roboto-Regular.ttf */ = {isa = PBXFileReference; lastKnownFileType = file; path = "Roboto-Regular.ttf"; sourceTree = "<group>"; };
		462BCFCB1FEBF0F600789A01 /* Roboto-BoldItalic.ttf */ = {isa = PBXFileReference; lastKnownFileType = file; path = "Roboto-BoldItalic.ttf"; sourceTree = "<group>"; };
		462BCFCC1FEBF0F600789A01 /* Roboto-LightItalic.ttf */ = {isa = PBXFileReference; lastKnownFileType = file; path = "Roboto-LightItalic.ttf"; sourceTree = "<group>"; };
		462BCFCD1FEBF0F600789A01 /* Roboto-Thin.ttf */ = {isa = PBXFileReference; lastKnownFileType = file; path = "Roboto-Thin.ttf"; sourceTree = "<group>"; };
		462BCFCE1FEBF0F600789A01 /* Roboto-BlackItalic.ttf */ = {isa = PBXFileReference; lastKnownFileType = file; path = "Roboto-BlackItalic.ttf"; sourceTree = "<group>"; };
		462BCFCF1FEBF10000789A01 /* ToDoViewModel.swift */ = {isa = PBXFileReference; fileEncoding = 4; lastKnownFileType = sourcecode.swift; path = ToDoViewModel.swift; sourceTree = "<group>"; };
		462BCFD11FEBF11000789A01 /* ToDoListViewController.xib */ = {isa = PBXFileReference; fileEncoding = 4; lastKnownFileType = file.xib; path = ToDoListViewController.xib; sourceTree = "<group>"; };
		462BCFD21FEBF11000789A01 /* AddNewTaskViewController.swift */ = {isa = PBXFileReference; fileEncoding = 4; lastKnownFileType = sourcecode.swift; path = AddNewTaskViewController.swift; sourceTree = "<group>"; };
		462BCFD31FEBF11000789A01 /* AddNewTaskViewController.xib */ = {isa = PBXFileReference; fileEncoding = 4; lastKnownFileType = file.xib; path = AddNewTaskViewController.xib; sourceTree = "<group>"; };
		462BCFD41FEBF11000789A01 /* TimePickerViewController.swift */ = {isa = PBXFileReference; fileEncoding = 4; lastKnownFileType = sourcecode.swift; path = TimePickerViewController.swift; sourceTree = "<group>"; };
		462BCFD51FEBF11000789A01 /* TimePickerViewController.xib */ = {isa = PBXFileReference; fileEncoding = 4; lastKnownFileType = file.xib; path = TimePickerViewController.xib; sourceTree = "<group>"; };
		462BCFD61FEBF11000789A01 /* ToDoListViewController.swift */ = {isa = PBXFileReference; fileEncoding = 4; lastKnownFileType = sourcecode.swift; path = ToDoListViewController.swift; sourceTree = "<group>"; };
		462BCFDD1FEBF11E00789A01 /* DateCollectionViewDataSource.swift */ = {isa = PBXFileReference; fileEncoding = 4; lastKnownFileType = sourcecode.swift; path = DateCollectionViewDataSource.swift; sourceTree = "<group>"; };
		462BCFDE1FEBF11E00789A01 /* TaskListViewDataSource.swift */ = {isa = PBXFileReference; fileEncoding = 4; lastKnownFileType = sourcecode.swift; path = TaskListViewDataSource.swift; sourceTree = "<group>"; };
		462BCFE11FEBF12900789A01 /* DateColleCollectionViewCell.swift */ = {isa = PBXFileReference; fileEncoding = 4; lastKnownFileType = sourcecode.swift; path = DateColleCollectionViewCell.swift; sourceTree = "<group>"; };
		462BCFE21FEBF12900789A01 /* DateColleCollectionViewCell.xib */ = {isa = PBXFileReference; fileEncoding = 4; lastKnownFileType = file.xib; path = DateColleCollectionViewCell.xib; sourceTree = "<group>"; };
		462BCFE51FEBF13200789A01 /* Date+Extensions.swift */ = {isa = PBXFileReference; fileEncoding = 4; lastKnownFileType = sourcecode.swift; path = "Date+Extensions.swift"; sourceTree = "<group>"; };
/* End PBXFileReference section */

/* Begin PBXFrameworksBuildPhase section */
		462BCF821FEBEFB100789A01 /* Frameworks */ = {
			isa = PBXFrameworksBuildPhase;
			buildActionMask = 2147483647;
			files = (
			);
			runOnlyForDeploymentPostprocessing = 0;
		};
		462BCF991FEBEFB200789A01 /* Frameworks */ = {
			isa = PBXFrameworksBuildPhase;
			buildActionMask = 2147483647;
			files = (
			);
			runOnlyForDeploymentPostprocessing = 0;
		};
/* End PBXFrameworksBuildPhase section */

/* Begin PBXGroup section */
		462BCF7C1FEBEFB100789A01 = {
			isa = PBXGroup;
			children = (
				462BCF871FEBEFB100789A01 /* ToDoList */,
				462BCF9F1FEBEFB200789A01 /* ToDoListTests */,
				462BCF861FEBEFB100789A01 /* Products */,
			);
			sourceTree = "<group>";
		};
		462BCF861FEBEFB100789A01 /* Products */ = {
			isa = PBXGroup;
			children = (
				462BCF851FEBEFB100789A01 /* ToDoList.app */,
				462BCF9C1FEBEFB200789A01 /* ToDoListTests.xctest */,
			);
			name = Products;
			sourceTree = "<group>";
		};
		462BCF871FEBEFB100789A01 /* ToDoList */ = {
			isa = PBXGroup;
			children = (
				462BCFC21FEBF0E800789A01 /* Fonts */,
				462BCFC11FEBF0DC00789A01 /* ViewModel */,
				462BCFC01FEBF0D000789A01 /* View Controllers */,
				462BCFBF1FEBF0B900789A01 /* DataSource N Delegates */,
				462BCFBE1FEBF0B200789A01 /* Cells */,
				462BCFBD1FEBF0AA00789A01 /* Extension */,
				462BCFB91FEBF09100789A01 /* Constants.swift */,
				462BCFBA1FEBF09100789A01 /* ToDoListExtension.swift */,
				462BCF881FEBEFB100789A01 /* AppDelegate.swift */,
				462BCF8A1FEBEFB100789A01 /* ViewController.swift */,
				462BCF8C1FEBEFB100789A01 /* Main.storyboard */,
				462BCF921FEBEFB100789A01 /* Assets.xcassets */,
				462BCF941FEBEFB100789A01 /* LaunchScreen.storyboard */,
				462BCF971FEBEFB100789A01 /* Info.plist */,
				462BCF8F1FEBEFB100789A01 /* ToDoList.xcdatamodeld */,
			);
			path = ToDoList;
			sourceTree = "<group>";
		};
		462BCF9F1FEBEFB200789A01 /* ToDoListTests */ = {
			isa = PBXGroup;
			children = (
				462BCFA01FEBEFB200789A01 /* ToDoListTests.swift */,
				462BCFA21FEBEFB200789A01 /* Info.plist */,
			);
			path = ToDoListTests;
			sourceTree = "<group>";
		};
		462BCFBD1FEBF0AA00789A01 /* Extension */ = {
			isa = PBXGroup;
			children = (
				462BCFE51FEBF13200789A01 /* Date+Extensions.swift */,
			);
			path = Extension;
			sourceTree = "<group>";
		};
		462BCFBE1FEBF0B200789A01 /* Cells */ = {
			isa = PBXGroup;
			children = (
				462BCFE11FEBF12900789A01 /* DateColleCollectionViewCell.swift */,
				462BCFE21FEBF12900789A01 /* DateColleCollectionViewCell.xib */,
			);
			path = Cells;
			sourceTree = "<group>";
		};
		462BCFBF1FEBF0B900789A01 /* DataSource N Delegates */ = {
			isa = PBXGroup;
			children = (
				462BCFDD1FEBF11E00789A01 /* DateCollectionViewDataSource.swift */,
				462BCFDE1FEBF11E00789A01 /* TaskListViewDataSource.swift */,
			);
			path = "DataSource N Delegates";
			sourceTree = "<group>";
		};
		462BCFC01FEBF0D000789A01 /* View Controllers */ = {
			isa = PBXGroup;
			children = (
				462BCFD21FEBF11000789A01 /* AddNewTaskViewController.swift */,
				462BCFD31FEBF11000789A01 /* AddNewTaskViewController.xib */,
				462BCFD41FEBF11000789A01 /* TimePickerViewController.swift */,
				462BCFD51FEBF11000789A01 /* TimePickerViewController.xib */,
				462BCFD61FEBF11000789A01 /* ToDoListViewController.swift */,
				462BCFD11FEBF11000789A01 /* ToDoListViewController.xib */,
			);
			path = "View Controllers";
			sourceTree = "<group>";
		};
		462BCFC11FEBF0DC00789A01 /* ViewModel */ = {
			isa = PBXGroup;
			children = (
				462BCFCF1FEBF10000789A01 /* ToDoViewModel.swift */,
			);
			path = ViewModel;
			sourceTree = "<group>";
		};
		462BCFC21FEBF0E800789A01 /* Fonts */ = {
			isa = PBXGroup;
			children = (
				462BCFC51FEBF0F600789A01 /* Roboto-Black.ttf */,
				462BCFCE1FEBF0F600789A01 /* Roboto-BlackItalic.ttf */,
				462BCFC81FEBF0F600789A01 /* Roboto-Bold.ttf */,
				462BCFCB1FEBF0F600789A01 /* Roboto-BoldItalic.ttf */,
				462BCFC31FEBF0F500789A01 /* Roboto-Italic.ttf */,
				462BCFC91FEBF0F600789A01 /* Roboto-Light.ttf */,
				462BCFCC1FEBF0F600789A01 /* Roboto-LightItalic.ttf */,
				462BCFC71FEBF0F600789A01 /* Roboto-Medium.ttf */,
				462BCFC61FEBF0F600789A01 /* Roboto-MediumItalic.ttf */,
				462BCFCA1FEBF0F600789A01 /* Roboto-Regular.ttf */,
				462BCFCD1FEBF0F600789A01 /* Roboto-Thin.ttf */,
				462BCFC41FEBF0F500789A01 /* Roboto-ThinItalic.ttf */,
			);
			path = Fonts;
			sourceTree = "<group>";
		};
/* End PBXGroup section */

/* Begin PBXNativeTarget section */
		462BCF841FEBEFB100789A01 /* ToDoList */ = {
			isa = PBXNativeTarget;
			buildConfigurationList = 462BCFA51FEBEFB200789A01 /* Build configuration list for PBXNativeTarget "ToDoList" */;
			buildPhases = (
				462BCF811FEBEFB100789A01 /* Sources */,
				462BCF821FEBEFB100789A01 /* Frameworks */,
				462BCF831FEBEFB100789A01 /* Resources */,
			);
			buildRules = (
			);
			dependencies = (
			);
			name = ToDoList;
			productName = ToDoList;
			productReference = 462BCF851FEBEFB100789A01 /* ToDoList.app */;
			productType = "com.apple.product-type.application";
		};
		462BCF9B1FEBEFB200789A01 /* ToDoListTests */ = {
			isa = PBXNativeTarget;
			buildConfigurationList = 462BCFA81FEBEFB200789A01 /* Build configuration list for PBXNativeTarget "ToDoListTests" */;
			buildPhases = (
				462BCF981FEBEFB200789A01 /* Sources */,
				462BCF991FEBEFB200789A01 /* Frameworks */,
				462BCF9A1FEBEFB200789A01 /* Resources */,
			);
			buildRules = (
			);
			dependencies = (
				462BCF9E1FEBEFB200789A01 /* PBXTargetDependency */,
			);
			name = ToDoListTests;
			productName = ToDoListTests;
			productReference = 462BCF9C1FEBEFB200789A01 /* ToDoListTests.xctest */;
			productType = "com.apple.product-type.bundle.unit-test";
		};
/* End PBXNativeTarget section */

/* Begin PBXProject section */
		462BCF7D1FEBEFB100789A01 /* Project object */ = {
			isa = PBXProject;
			attributes = {
				LastSwiftUpdateCheck = 0920;
				LastUpgradeCheck = 0920;
				ORGANIZATIONNAME = "Vaibhav Indalkar";
				TargetAttributes = {
					462BCF841FEBEFB100789A01 = {
						CreatedOnToolsVersion = 9.2;
						ProvisioningStyle = Automatic;
					};
					462BCF9B1FEBEFB200789A01 = {
						CreatedOnToolsVersion = 9.2;
						ProvisioningStyle = Automatic;
						TestTargetID = 462BCF841FEBEFB100789A01;
					};
				};
			};
			buildConfigurationList = 462BCF801FEBEFB100789A01 /* Build configuration list for PBXProject "ToDoList" */;
			compatibilityVersion = "Xcode 8.0";
			developmentRegion = en;
			hasScannedForEncodings = 0;
			knownRegions = (
				en,
				Base,
			);
			mainGroup = 462BCF7C1FEBEFB100789A01;
			productRefGroup = 462BCF861FEBEFB100789A01 /* Products */;
			projectDirPath = "";
			projectRoot = "";
			targets = (
				462BCF841FEBEFB100789A01 /* ToDoList */,
				462BCF9B1FEBEFB200789A01 /* ToDoListTests */,
			);
		};
/* End PBXProject section */

/* Begin PBXResourcesBuildPhase section */
		462BCF831FEBEFB100789A01 /* Resources */ = {
			isa = PBXResourcesBuildPhase;
			buildActionMask = 2147483647;
			files = (
				462BCFE71FEC02EA00789A01 /* Roboto-Black.ttf in Resources */,
				462BCFE81FEC02EA00789A01 /* Roboto-BlackItalic.ttf in Resources */,
				462BCFE91FEC02EA00789A01 /* Roboto-Bold.ttf in Resources */,
				462BCFEA1FEC02EA00789A01 /* Roboto-BoldItalic.ttf in Resources */,
				462BCFEB1FEC02EA00789A01 /* Roboto-Italic.ttf in Resources */,
				462BCFEC1FEC02EA00789A01 /* Roboto-Light.ttf in Resources */,
				462BCFED1FEC02EA00789A01 /* Roboto-LightItalic.ttf in Resources */,
				462BCFEE1FEC02EA00789A01 /* Roboto-Medium.ttf in Resources */,
				462BCFEF1FEC02EA00789A01 /* Roboto-MediumItalic.ttf in Resources */,
				462BCFF01FEC02EA00789A01 /* Roboto-Regular.ttf in Resources */,
				462BCFF11FEC02EA00789A01 /* Roboto-Thin.ttf in Resources */,
				462BCFF21FEC02EA00789A01 /* Roboto-ThinItalic.ttf in Resources */,
				462BCFD71FEBF11000789A01 /* ToDoListViewController.xib in Resources */,
				462BCFDB1FEBF11000789A01 /* TimePickerViewController.xib in Resources */,
				462BCF961FEBEFB100789A01 /* LaunchScreen.storyboard in Resources */,
				462BCFD91FEBF11000789A01 /* AddNewTaskViewController.xib in Resources */,
				462BCF931FEBEFB100789A01 /* Assets.xcassets in Resources */,
				462BCF8E1FEBEFB100789A01 /* Main.storyboard in Resources */,
				462BCFE41FEBF12900789A01 /* DateColleCollectionViewCell.xib in Resources */,
			);
			runOnlyForDeploymentPostprocessing = 0;
		};
		462BCF9A1FEBEFB200789A01 /* Resources */ = {
			isa = PBXResourcesBuildPhase;
			buildActionMask = 2147483647;
			files = (
			);
			runOnlyForDeploymentPostprocessing = 0;
		};
/* End PBXResourcesBuildPhase section */

/* Begin PBXSourcesBuildPhase section */
		462BCF811FEBEFB100789A01 /* Sources */ = {
			isa = PBXSourcesBuildPhase;
			buildActionMask = 2147483647;
			files = (
				462BCF8B1FEBEFB100789A01 /* ViewController.swift in Sources */,
				462BCF911FEBEFB100789A01 /* ToDoList.xcdatamodeld in Sources */,
				462BCF891FEBEFB100789A01 /* AppDelegate.swift in Sources */,
				462BCFE61FEBF13200789A01 /* Date+Extensions.swift in Sources */,
				462BCFBB1FEBF09100789A01 /* Constants.swift in Sources */,
				462BCFD01FEBF10000789A01 /* ToDoViewModel.swift in Sources */,
				462BCFDA1FEBF11000789A01 /* TimePickerViewController.swift in Sources */,
				462BCFD81FEBF11000789A01 /* AddNewTaskViewController.swift in Sources */,
				462BCFDC1FEBF11000789A01 /* ToDoListViewController.swift in Sources */,
				462BCFE31FEBF12900789A01 /* DateColleCollectionViewCell.swift in Sources */,
				462BCFBC1FEBF09100789A01 /* ToDoListExtension.swift in Sources */,
				462BCFE01FEBF11E00789A01 /* TaskListViewDataSource.swift in Sources */,
				462BCFDF1FEBF11E00789A01 /* DateCollectionViewDataSource.swift in Sources */,
			);
			runOnlyForDeploymentPostprocessing = 0;
		};
		462BCF981FEBEFB200789A01 /* Sources */ = {
			isa = PBXSourcesBuildPhase;
			buildActionMask = 2147483647;
			files = (
				462BCFA11FEBEFB200789A01 /* ToDoListTests.swift in Sources */,
			);
			runOnlyForDeploymentPostprocessing = 0;
		};
/* End PBXSourcesBuildPhase section */

/* Begin PBXTargetDependency section */
		462BCF9E1FEBEFB200789A01 /* PBXTargetDependency */ = {
			isa = PBXTargetDependency;
			target = 462BCF841FEBEFB100789A01 /* ToDoList */;
			targetProxy = 462BCF9D1FEBEFB200789A01 /* PBXContainerItemProxy */;
		};
/* End PBXTargetDependency section */

/* Begin PBXVariantGroup section */
		462BCF8C1FEBEFB100789A01 /* Main.storyboard */ = {
			isa = PBXVariantGroup;
			children = (
				462BCF8D1FEBEFB100789A01 /* Base */,
			);
			name = Main.storyboard;
			sourceTree = "<group>";
		};
		462BCF941FEBEFB100789A01 /* LaunchScreen.storyboard */ = {
			isa = PBXVariantGroup;
			children = (
				462BCF951FEBEFB100789A01 /* Base */,
			);
			name = LaunchScreen.storyboard;
			sourceTree = "<group>";
		};
/* End PBXVariantGroup section */

/* Begin XCBuildConfiguration section */
		462BCFA31FEBEFB200789A01 /* Debug */ = {
			isa = XCBuildConfiguration;
			buildSettings = {
				ALWAYS_SEARCH_USER_PATHS = NO;
				CLANG_ANALYZER_NONNULL = YES;
				CLANG_ANALYZER_NUMBER_OBJECT_CONVERSION = YES_AGGRESSIVE;
				CLANG_CXX_LANGUAGE_STANDARD = "gnu++14";
				CLANG_CXX_LIBRARY = "libc++";
				CLANG_ENABLE_MODULES = YES;
				CLANG_ENABLE_OBJC_ARC = YES;
				CLANG_WARN_BLOCK_CAPTURE_AUTORELEASING = YES;
				CLANG_WARN_BOOL_CONVERSION = YES;
				CLANG_WARN_COMMA = YES;
				CLANG_WARN_CONSTANT_CONVERSION = YES;
				CLANG_WARN_DIRECT_OBJC_ISA_USAGE = YES_ERROR;
				CLANG_WARN_DOCUMENTATION_COMMENTS = YES;
				CLANG_WARN_EMPTY_BODY = YES;
				CLANG_WARN_ENUM_CONVERSION = YES;
				CLANG_WARN_INFINITE_RECURSION = YES;
				CLANG_WARN_INT_CONVERSION = YES;
				CLANG_WARN_NON_LITERAL_NULL_CONVERSION = YES;
				CLANG_WARN_OBJC_LITERAL_CONVERSION = YES;
				CLANG_WARN_OBJC_ROOT_CLASS = YES_ERROR;
				CLANG_WARN_RANGE_LOOP_ANALYSIS = YES;
				CLANG_WARN_STRICT_PROTOTYPES = YES;
				CLANG_WARN_SUSPICIOUS_MOVE = YES;
				CLANG_WARN_UNGUARDED_AVAILABILITY = YES_AGGRESSIVE;
				CLANG_WARN_UNREACHABLE_CODE = YES;
				CLANG_WARN__DUPLICATE_METHOD_MATCH = YES;
				CODE_SIGN_IDENTITY = "iPhone Developer";
				COPY_PHASE_STRIP = NO;
				DEBUG_INFORMATION_FORMAT = dwarf;
				ENABLE_STRICT_OBJC_MSGSEND = YES;
				ENABLE_TESTABILITY = YES;
				GCC_C_LANGUAGE_STANDARD = gnu11;
				GCC_DYNAMIC_NO_PIC = NO;
				GCC_NO_COMMON_BLOCKS = YES;
				GCC_OPTIMIZATION_LEVEL = 0;
				GCC_PREPROCESSOR_DEFINITIONS = (
					"DEBUG=1",
					"$(inherited)",
				);
				GCC_WARN_64_TO_32_BIT_CONVERSION = YES;
				GCC_WARN_ABOUT_RETURN_TYPE = YES_ERROR;
				GCC_WARN_UNDECLARED_SELECTOR = YES;
				GCC_WARN_UNINITIALIZED_AUTOS = YES_AGGRESSIVE;
				GCC_WARN_UNUSED_FUNCTION = YES;
				GCC_WARN_UNUSED_VARIABLE = YES;
				IPHONEOS_DEPLOYMENT_TARGET = 11.2;
				MTL_ENABLE_DEBUG_INFO = YES;
				ONLY_ACTIVE_ARCH = YES;
				SDKROOT = iphoneos;
				SWIFT_ACTIVE_COMPILATION_CONDITIONS = DEBUG;
				SWIFT_OPTIMIZATION_LEVEL = "-Onone";
			};
			name = Debug;
		};
		462BCFA41FEBEFB200789A01 /* Release */ = {
			isa = XCBuildConfiguration;
			buildSettings = {
				ALWAYS_SEARCH_USER_PATHS = NO;
				CLANG_ANALYZER_NONNULL = YES;
				CLANG_ANALYZER_NUMBER_OBJECT_CONVERSION = YES_AGGRESSIVE;
				CLANG_CXX_LANGUAGE_STANDARD = "gnu++14";
				CLANG_CXX_LIBRARY = "libc++";
				CLANG_ENABLE_MODULES = YES;
				CLANG_ENABLE_OBJC_ARC = YES;
				CLANG_WARN_BLOCK_CAPTURE_AUTORELEASING = YES;
				CLANG_WARN_BOOL_CONVERSION = YES;
				CLANG_WARN_COMMA = YES;
				CLANG_WARN_CONSTANT_CONVERSION = YES;
				CLANG_WARN_DIRECT_OBJC_ISA_USAGE = YES_ERROR;
				CLANG_WARN_DOCUMENTATION_COMMENTS = YES;
				CLANG_WARN_EMPTY_BODY = YES;
				CLANG_WARN_ENUM_CONVERSION = YES;
				CLANG_WARN_INFINITE_RECURSION = YES;
				CLANG_WARN_INT_CONVERSION = YES;
				CLANG_WARN_NON_LITERAL_NULL_CONVERSION = YES;
				CLANG_WARN_OBJC_LITERAL_CONVERSION = YES;
				CLANG_WARN_OBJC_ROOT_CLASS = YES_ERROR;
				CLANG_WARN_RANGE_LOOP_ANALYSIS = YES;
				CLANG_WARN_STRICT_PROTOTYPES = YES;
				CLANG_WARN_SUSPICIOUS_MOVE = YES;
				CLANG_WARN_UNGUARDED_AVAILABILITY = YES_AGGRESSIVE;
				CLANG_WARN_UNREACHABLE_CODE = YES;
				CLANG_WARN__DUPLICATE_METHOD_MATCH = YES;
				CODE_SIGN_IDENTITY = "iPhone Developer";
				COPY_PHASE_STRIP = NO;
				DEBUG_INFORMATION_FORMAT = "dwarf-with-dsym";
				ENABLE_NS_ASSERTIONS = NO;
				ENABLE_STRICT_OBJC_MSGSEND = YES;
				GCC_C_LANGUAGE_STANDARD = gnu11;
				GCC_NO_COMMON_BLOCKS = YES;
				GCC_WARN_64_TO_32_BIT_CONVERSION = YES;
				GCC_WARN_ABOUT_RETURN_TYPE = YES_ERROR;
				GCC_WARN_UNDECLARED_SELECTOR = YES;
				GCC_WARN_UNINITIALIZED_AUTOS = YES_AGGRESSIVE;
				GCC_WARN_UNUSED_FUNCTION = YES;
				GCC_WARN_UNUSED_VARIABLE = YES;
				IPHONEOS_DEPLOYMENT_TARGET = 11.2;
				MTL_ENABLE_DEBUG_INFO = NO;
				SDKROOT = iphoneos;
				SWIFT_OPTIMIZATION_LEVEL = "-Owholemodule";
				VALIDATE_PRODUCT = YES;
			};
			name = Release;
		};
		462BCFA61FEBEFB200789A01 /* Debug */ = {
			isa = XCBuildConfiguration;
			buildSettings = {
				ASSETCATALOG_COMPILER_APPICON_NAME = AppIcon;
				CODE_SIGN_STYLE = Automatic;
				DEVELOPMENT_TEAM = 9WU3NW92K3;
				INFOPLIST_FILE = ToDoList/Info.plist;
				LD_RUNPATH_SEARCH_PATHS = "$(inherited) @executable_path/Frameworks";
				PRODUCT_BUNDLE_IDENTIFIER = com.vindalkar.ToDoList;
				PRODUCT_NAME = "$(TARGET_NAME)";
				SWIFT_VERSION = 4.0;
				TARGETED_DEVICE_FAMILY = 1;
			};
			name = Debug;
		};
		462BCFA71FEBEFB200789A01 /* Release */ = {
			isa = XCBuildConfiguration;
			buildSettings = {
				ASSETCATALOG_COMPILER_APPICON_NAME = AppIcon;
				CODE_SIGN_STYLE = Automatic;
				DEVELOPMENT_TEAM = 9WU3NW92K3;
				INFOPLIST_FILE = ToDoList/Info.plist;
				LD_RUNPATH_SEARCH_PATHS = "$(inherited) @executable_path/Frameworks";
				PRODUCT_BUNDLE_IDENTIFIER = com.vindalkar.ToDoList;
				PRODUCT_NAME = "$(TARGET_NAME)";
				SWIFT_VERSION = 4.0;
				TARGETED_DEVICE_FAMILY = 1;
			};
			name = Release;
		};
		462BCFA91FEBEFB200789A01 /* Debug */ = {
			isa = XCBuildConfiguration;
			buildSettings = {
				ALWAYS_EMBED_SWIFT_STANDARD_LIBRARIES = YES;
				BUNDLE_LOADER = "$(TEST_HOST)";
				CODE_SIGN_STYLE = Automatic;
				DEVELOPMENT_TEAM = 9WU3NW92K3;
				INFOPLIST_FILE = ToDoListTests/Info.plist;
				LD_RUNPATH_SEARCH_PATHS = "$(inherited) @executable_path/Frameworks @loader_path/Frameworks";
				PRODUCT_BUNDLE_IDENTIFIER = com.vindalkar.ToDoListTests;
				PRODUCT_NAME = "$(TARGET_NAME)";
				SWIFT_VERSION = 4.0;
				TARGETED_DEVICE_FAMILY = "1,2";
				TEST_HOST = "$(BUILT_PRODUCTS_DIR)/ToDoList.app/ToDoList";
			};
			name = Debug;
		};
		462BCFAA1FEBEFB200789A01 /* Release */ = {
			isa = XCBuildConfiguration;
			buildSettings = {
				ALWAYS_EMBED_SWIFT_STANDARD_LIBRARIES = YES;
				BUNDLE_LOADER = "$(TEST_HOST)";
				CODE_SIGN_STYLE = Automatic;
				DEVELOPMENT_TEAM = 9WU3NW92K3;
				INFOPLIST_FILE = ToDoListTests/Info.plist;
				LD_RUNPATH_SEARCH_PATHS = "$(inherited) @executable_path/Frameworks @loader_path/Frameworks";
				PRODUCT_BUNDLE_IDENTIFIER = com.vindalkar.ToDoListTests;
				PRODUCT_NAME = "$(TARGET_NAME)";
				SWIFT_VERSION = 4.0;
				TARGETED_DEVICE_FAMILY = "1,2";
				TEST_HOST = "$(BUILT_PRODUCTS_DIR)/ToDoList.app/ToDoList";
			};
			name = Release;
		};
/* End XCBuildConfiguration section */

/* Begin XCConfigurationList section */
		462BCF801FEBEFB100789A01 /* Build configuration list for PBXProject "ToDoList" */ = {
			isa = XCConfigurationList;
			buildConfigurations = (
				462BCFA31FEBEFB200789A01 /* Debug */,
				462BCFA41FEBEFB200789A01 /* Release */,
			);
			defaultConfigurationIsVisible = 0;
			defaultConfigurationName = Release;
		};
		462BCFA51FEBEFB200789A01 /* Build configuration list for PBXNativeTarget "ToDoList" */ = {
			isa = XCConfigurationList;
			buildConfigurations = (
				462BCFA61FEBEFB200789A01 /* Debug */,
				462BCFA71FEBEFB200789A01 /* Release */,
			);
			defaultConfigurationIsVisible = 0;
			defaultConfigurationName = Release;
		};
		462BCFA81FEBEFB200789A01 /* Build configuration list for PBXNativeTarget "ToDoListTests" */ = {
			isa = XCConfigurationList;
			buildConfigurations = (
				462BCFA91FEBEFB200789A01 /* Debug */,
				462BCFAA1FEBEFB200789A01 /* Release */,
			);
			defaultConfigurationIsVisible = 0;
			defaultConfigurationName = Release;
		};
/* End XCConfigurationList section */

/* Begin XCVersionGroup section */
		462BCF8F1FEBEFB100789A01 /* ToDoList.xcdatamodeld */ = {
			isa = XCVersionGroup;
			children = (
				462BCF901FEBEFB100789A01 /* ToDoList.xcdatamodel */,
			);
			currentVersion = 462BCF901FEBEFB100789A01 /* ToDoList.xcdatamodel */;
			path = ToDoList.xcdatamodeld;
			sourceTree = "<group>";
			versionGroupType = wrapper.xcdatamodel;
		};
/* End XCVersionGroup section */
	};
	rootObject = 462BCF7D1FEBEFB100789A01 /* Project object */;
}
